{
  "version": 4,
  "terraform_version": "1.10.5",
  "serial": 28,
  "lineage": "3e11c883-ffc9-2d3e-0214-4e80863337d2",
  "outputs": {},
  "resources": [
    {
      "mode": "data",
      "type": "cloudinit_config",
      "name": "init",
      "provider": "provider[\"registry.terraform.io/hashicorp/cloudinit\"]",
      "instances": [
        {
          "schema_version": 0,
          "attributes": {
            "base64_encode": true,
            "boundary": "MIMEBOUNDARY",
            "gzip": false,
            "id": "2498637367",
            "part": [
              {
                "content": "#!/bin/bash\nsudo apt-get update\nsudo apt-get install -y apache2\n",
                "content_type": "text/x-shellscript",
                "filename": null,
                "merge_type": null
              }
            ],
            "rendered": "Q29udGVudC1UeXBlOiBtdWx0aXBhcnQvbWl4ZWQ7IGJvdW5kYXJ5PSJNSU1FQk9VTkRBUlkiCk1JTUUtVmVyc2lvbjogMS4wDQoNCi0tTUlNRUJPVU5EQVJZDQpDb250ZW50LVRyYW5zZmVyLUVuY29kaW5nOiA3Yml0DQpDb250ZW50LVR5cGU6IHRleHQveC1zaGVsbHNjcmlwdA0KTWltZS1WZXJzaW9uOiAxLjANCg0KIyEvYmluL2Jhc2gKc3VkbyBhcHQtZ2V0IHVwZGF0ZQpzdWRvIGFwdC1nZXQgaW5zdGFsbCAteSBhcGFjaGUyCg0KLS1NSU1FQk9VTkRBUlktLQ0K"
          },
          "sensitive_attributes": []
        }
      ]
    },
    {
      "mode": "managed",
      "type": "azurerm_linux_virtual_machine",
      "name": "vm",
      "provider": "provider[\"registry.terraform.io/hashicorp/azurerm\"]",
      "instances": [
        {
          "schema_version": 0,
          "attributes": {
            "additional_capabilities": [],
            "admin_password": null,
            "admin_ssh_key": [
              {
                "public_key": "ssh-rsa AAAAB3NzaC1yc2EAAAADAQABAAACAQCfr9az5i7xiSNcCmVY8nhot6oLmCbcypUJC3hdv2j8ABG6lrcv/j+J0Dk8jxcx9icC9oQKAcB8aZGpGx3+V+V2mzXSTm7X5O0vChkLvtVs5UlrbloakorT4UpDTIRS4SrjuQtB9c9qCGjgAMObyeHOunJH3/X2PSiUykIu0EaCQhVg7UXrAMP8kPZmbaLKK9m5wNR5Mc2WDqb6Eyxj0EwFicmG1iFn57nnNlTMs+iTS1OM808GWTXISOJTnvsjNo/P86sF912bPPsfueHPcPTOWDF3sgHZy29s1j6+jL5otLVGFGEXyndA/evzJ7P/Ehx4fhyRn3N1iDKVOavy9JO+Jtx6o9sjvVgeQR44xN4v8YZ20XzddfvSBU3/Zmc7QEvrSC3mqHhhk9IdXIfHLuxfJgqAmcQjHVwGtmYqNKwh820zj20Te8FyaA+QS6tRcwQARoxOwoRAUDqx28U7vmx/fZq9L3N6XmJ8/f1MuyAvr0/Yf4G/J9VaWSOo2Yw13dmTzbE3Cd6YLa9r3IrrcfagD/dh+v4AdKvC+mnKnwfsMAxsbe1nTLNL0Xbe/F4hE4/INEgaYCcbU6T9v5j+VUTDcvJzxgXYYpdKlu8+NPqwgJxvUuaI9e2fGH5lTRxHIbHw4rjuFZMaE+CUumXr+DSokOVWo2B7jjExoWEI15IVPw== root@DESKTOP-QUDNEP1\n",
                "username": "azureadmin"
              }
            ],
            "admin_username": "azureadmin",
            "allow_extension_operations": true,
            "availability_set_id": "",
            "boot_diagnostics": [],
            "computer_name": "lab-A05-VM",
            "custom_data": "UTI5dWRHVnVkQzFVZVhCbE9pQnRkV3gwYVhCaGNuUXZiV2w0WldRN0lHSnZkVzVrWVhKNVBTSk5TVTFGUWs5VlRrUkJVbGtpQ2sxSlRVVXRWbVZ5YzJsdmJqb2dNUzR3RFFvTkNpMHRUVWxOUlVKUFZVNUVRVkpaRFFwRGIyNTBaVzUwTFZSeVlXNXpabVZ5TFVWdVkyOWthVzVuT2lBM1ltbDBEUXBEYjI1MFpXNTBMVlI1Y0dVNklIUmxlSFF2ZUMxemFHVnNiSE5qY21sd2RBMEtUV2x0WlMxV1pYSnphVzl1T2lBeExqQU5DZzBLSXlFdlltbHVMMkpoYzJnS2MzVmtieUJoY0hRdFoyVjBJSFZ3WkdGMFpRcHpkV1J2SUdGd2RDMW5aWFFnYVc1emRHRnNiQ0F0ZVNCaGNHRmphR1V5Q2cwS0xTMU5TVTFGUWs5VlRrUkJVbGt0TFEwSw==",
            "dedicated_host_group_id": "",
            "dedicated_host_id": "",
            "disable_password_authentication": true,
            "edge_zone": "",
            "encryption_at_host_enabled": false,
            "eviction_policy": "",
            "extensions_time_budget": "PT1H30M",
            "id": "/subscriptions/2893229a-aac8-47a3-a415-71b6625a9ad3/resourceGroups/lab-A05-RG/providers/Microsoft.Compute/virtualMachines/lab-A05-VM",
            "identity": [],
            "license_type": "",
            "location": "eastus",
            "max_bid_price": -1,
            "name": "lab-A05-VM",
            "network_interface_ids": [
              "/subscriptions/2893229a-aac8-47a3-a415-71b6625a9ad3/resourceGroups/lab-A05-RG/providers/Microsoft.Network/networkInterfaces/lab-A05-NIC"
            ],
            "os_disk": [
              {
                "caching": "ReadWrite",
                "diff_disk_settings": [],
                "disk_encryption_set_id": "",
                "disk_size_gb": 30,
                "name": "lab-A05-VM_disk1_79ecaabd4957419c886781bca8a1b619",
                "storage_account_type": "Standard_LRS",
                "write_accelerator_enabled": false
              }
            ],
            "patch_mode": "ImageDefault",
            "plan": [],
            "platform_fault_domain": -1,
            "priority": "Regular",
            "private_ip_address": "10.0.1.4",
            "private_ip_addresses": [
              "10.0.1.4"
            ],
            "provision_vm_agent": true,
            "proximity_placement_group_id": "",
            "public_ip_address": "172.174.35.221",
            "public_ip_addresses": [
              "172.174.35.221"
            ],
            "resource_group_name": "lab-A05-RG",
            "secret": [],
            "secure_boot_enabled": false,
            "size": "Standard_B1s",
            "source_image_id": "",
            "source_image_reference": [
              {
                "offer": "UbuntuServer",
                "publisher": "Canonical",
                "sku": "18.04-LTS",
                "version": "latest"
              }
            ],
            "tags": null,
            "termination_notification": null,
            "timeouts": null,
            "user_data": "",
            "virtual_machine_id": "0cb75c0b-bed5-4904-ad57-9b9ee515f7ae",
            "virtual_machine_scale_set_id": "",
            "vtpm_enabled": false,
            "zone": ""
          },
          "sensitive_attributes": [
            [
              {
                "type": "get_attr",
                "value": "admin_password"
              }
            ],
            [
              {
                "type": "get_attr",
                "value": "custom_data"
              }
            ]
          ],
          "private": "eyJlMmJmYjczMC1lY2FhLTExZTYtOGY4OC0zNDM2M2JjN2M0YzAiOnsiY3JlYXRlIjoyNzAwMDAwMDAwMDAwLCJkZWxldGUiOjI3MDAwMDAwMDAwMDAsInJlYWQiOjMwMDAwMDAwMDAwMCwidXBkYXRlIjoyNzAwMDAwMDAwMDAwfX0=",
          "dependencies": [
            "azurerm_network_interface.nic",
            "azurerm_public_ip.public_ip",
            "azurerm_resource_group.rg",
            "azurerm_subnet.subnet",
            "azurerm_virtual_network.vnet",
            "data.cloudinit_config.init"
          ]
        }
      ]
    },
    {
      "mode": "managed",
      "type": "azurerm_network_interface",
      "name": "nic",
      "provider": "provider[\"registry.terraform.io/hashicorp/azurerm\"]",
      "instances": [
        {
          "schema_version": 0,
          "attributes": {
            "applied_dns_servers": [],
            "dns_servers": [],
            "edge_zone": "",
            "enable_accelerated_networking": false,
            "enable_ip_forwarding": false,
            "id": "/subscriptions/2893229a-aac8-47a3-a415-71b6625a9ad3/resourceGroups/lab-A05-RG/providers/Microsoft.Network/networkInterfaces/lab-A05-NIC",
            "internal_dns_name_label": "",
            "internal_domain_name_suffix": "o5140mactm3u5lwpvmwjyw5y2e.bx.internal.cloudapp.net",
            "ip_configuration": [
              {
                "gateway_load_balancer_frontend_ip_configuration_id": "",
                "name": "nic_config",
                "primary": true,
                "private_ip_address": "10.0.1.4",
                "private_ip_address_allocation": "Dynamic",
                "private_ip_address_version": "IPv4",
                "public_ip_address_id": "/subscriptions/2893229a-aac8-47a3-a415-71b6625a9ad3/resourceGroups/lab-A05-RG/providers/Microsoft.Network/publicIPAddresses/lab-A05-PublicIP",
                "subnet_id": "/subscriptions/2893229a-aac8-47a3-a415-71b6625a9ad3/resourceGroups/lab-A05-RG/providers/Microsoft.Network/virtualNetworks/lab-A05-VNet/subnets/lab-A05-Subnet"
              }
            ],
            "location": "eastus",
            "mac_address": "",
            "name": "lab-A05-NIC",
            "private_ip_address": "10.0.1.4",
            "private_ip_addresses": [
              "10.0.1.4"
            ],
            "resource_group_name": "lab-A05-RG",
            "tags": null,
            "timeouts": null,
            "virtual_machine_id": ""
          },
          "sensitive_attributes": [],
          "private": "eyJlMmJmYjczMC1lY2FhLTExZTYtOGY4OC0zNDM2M2JjN2M0YzAiOnsiY3JlYXRlIjoxODAwMDAwMDAwMDAwLCJkZWxldGUiOjE4MDAwMDAwMDAwMDAsInJlYWQiOjMwMDAwMDAwMDAwMCwidXBkYXRlIjoxODAwMDAwMDAwMDAwfX0=",
          "dependencies": [
            "azurerm_public_ip.public_ip",
            "azurerm_resource_group.rg",
            "azurerm_subnet.subnet",
            "azurerm_virtual_network.vnet"
          ]
        }
      ]
    },
    {
      "mode": "managed",
      "type": "azurerm_network_interface_security_group_association",
      "name": "nsg_assoc",
      "provider": "provider[\"registry.terraform.io/hashicorp/azurerm\"]",
      "instances": [
        {
          "schema_version": 0,
          "attributes": {
            "id": "/subscriptions/2893229a-aac8-47a3-a415-71b6625a9ad3/resourceGroups/lab-A05-RG/providers/Microsoft.Network/networkInterfaces/lab-A05-NIC|/subscriptions/2893229a-aac8-47a3-a415-71b6625a9ad3/resourceGroups/lab-A05-RG/providers/Microsoft.Network/networkSecurityGroups/lab-A05-NSG",
            "network_interface_id": "/subscriptions/2893229a-aac8-47a3-a415-71b6625a9ad3/resourceGroups/lab-A05-RG/providers/Microsoft.Network/networkInterfaces/lab-A05-NIC",
            "network_security_group_id": "/subscriptions/2893229a-aac8-47a3-a415-71b6625a9ad3/resourceGroups/lab-A05-RG/providers/Microsoft.Network/networkSecurityGroups/lab-A05-NSG",
            "timeouts": null
          },
          "sensitive_attributes": [],
          "private": "eyJlMmJmYjczMC1lY2FhLTExZTYtOGY4OC0zNDM2M2JjN2M0YzAiOnsiY3JlYXRlIjoxODAwMDAwMDAwMDAwLCJkZWxldGUiOjE4MDAwMDAwMDAwMDAsInJlYWQiOjMwMDAwMDAwMDAwMCwidXBkYXRlIjoxODAwMDAwMDAwMDAwfX0=",
          "dependencies": [
            "azurerm_network_interface.nic",
            "azurerm_network_security_group.nsg",
            "azurerm_public_ip.public_ip",
            "azurerm_resource_group.rg",
            "azurerm_subnet.subnet",
            "azurerm_virtual_network.vnet"
          ]
        }
      ]
    },
    {
      "mode": "managed",
      "type": "azurerm_network_security_group",
      "name": "nsg",
      "provider": "provider[\"registry.terraform.io/hashicorp/azurerm\"]",
      "instances": [
        {
          "schema_version": 0,
          "attributes": {
            "id": "/subscriptions/2893229a-aac8-47a3-a415-71b6625a9ad3/resourceGroups/lab-A05-RG/providers/Microsoft.Network/networkSecurityGroups/lab-A05-NSG",
            "location": "eastus",
            "name": "lab-A05-NSG",
            "resource_group_name": "lab-A05-RG",
            "security_rule": [
              {
                "access": "Allow",
                "description": "",
                "destination_address_prefix": "*",
                "destination_address_prefixes": [],
                "destination_application_security_group_ids": [],
                "destination_port_range": "22",
                "destination_port_ranges": [],
                "direction": "Inbound",
                "name": "AllowSSH",
                "priority": 1001,
                "protocol": "Tcp",
                "source_address_prefix": "*",
                "source_address_prefixes": [],
                "source_application_security_group_ids": [],
                "source_port_range": "*",
                "source_port_ranges": []
              },
              {
                "access": "Allow",
                "description": "",
                "destination_address_prefix": "*",
                "destination_address_prefixes": [],
                "destination_application_security_group_ids": [],
                "destination_port_range": "80",
                "destination_port_ranges": [],
                "direction": "Inbound",
                "name": "AllowHTTP",
                "priority": 1002,
                "protocol": "Tcp",
                "source_address_prefix": "*",
                "source_address_prefixes": [],
                "source_application_security_group_ids": [],
                "source_port_range": "*",
                "source_port_ranges": []
              }
            ],
            "tags": null,
            "timeouts": null
          },
          "sensitive_attributes": [],
          "private": "eyJlMmJmYjczMC1lY2FhLTExZTYtOGY4OC0zNDM2M2JjN2M0YzAiOnsiY3JlYXRlIjoxODAwMDAwMDAwMDAwLCJkZWxldGUiOjE4MDAwMDAwMDAwMDAsInJlYWQiOjMwMDAwMDAwMDAwMCwidXBkYXRlIjoxODAwMDAwMDAwMDAwfX0=",
          "dependencies": [
            "azurerm_resource_group.rg"
          ]
        }
      ]
    },
    {
      "mode": "managed",
      "type": "azurerm_public_ip",
      "name": "public_ip",
      "provider": "provider[\"registry.terraform.io/hashicorp/azurerm\"]",
      "instances": [
        {
          "schema_version": 0,
          "attributes": {
            "allocation_method": "Dynamic",
            "domain_name_label": null,
            "edge_zone": "",
            "fqdn": null,
            "id": "/subscriptions/2893229a-aac8-47a3-a415-71b6625a9ad3/resourceGroups/lab-A05-RG/providers/Microsoft.Network/publicIPAddresses/lab-A05-PublicIP",
            "idle_timeout_in_minutes": 4,
            "ip_address": "",
            "ip_tags": null,
            "ip_version": "IPv4",
            "location": "eastus",
            "name": "lab-A05-PublicIP",
            "public_ip_prefix_id": null,
            "resource_group_name": "lab-A05-RG",
            "reverse_fqdn": null,
            "sku": "Basic",
            "sku_tier": "Regional",
            "tags": null,
            "timeouts": null,
            "zones": null
          },
          "sensitive_attributes": [],
          "private": "eyJlMmJmYjczMC1lY2FhLTExZTYtOGY4OC0zNDM2M2JjN2M0YzAiOnsiY3JlYXRlIjoxODAwMDAwMDAwMDAwLCJkZWxldGUiOjE4MDAwMDAwMDAwMDAsInJlYWQiOjMwMDAwMDAwMDAwMCwidXBkYXRlIjoxODAwMDAwMDAwMDAwfX0=",
          "dependencies": [
            "azurerm_resource_group.rg"
          ]
        }
      ]
    },
    {
      "mode": "managed",
      "type": "azurerm_resource_group",
      "name": "rg",
      "provider": "provider[\"registry.terraform.io/hashicorp/azurerm\"]",
      "instances": [
        {
          "schema_version": 0,
          "attributes": {
            "id": "/subscriptions/2893229a-aac8-47a3-a415-71b6625a9ad3/resourceGroups/lab-A05-RG",
            "location": "eastus",
            "name": "lab-A05-RG",
            "tags": null,
            "timeouts": null
          },
          "sensitive_attributes": [],
          "private": "eyJlMmJmYjczMC1lY2FhLTExZTYtOGY4OC0zNDM2M2JjN2M0YzAiOnsiY3JlYXRlIjo1NDAwMDAwMDAwMDAwLCJkZWxldGUiOjU0MDAwMDAwMDAwMDAsInJlYWQiOjMwMDAwMDAwMDAwMCwidXBkYXRlIjo1NDAwMDAwMDAwMDAwfX0="
        }
      ]
    },
    {
      "mode": "managed",
      "type": "azurerm_subnet",
      "name": "subnet",
      "provider": "provider[\"registry.terraform.io/hashicorp/azurerm\"]",
      "instances": [
        {
          "schema_version": 0,
          "attributes": {
            "address_prefixes": [
              "10.0.1.0/24"
            ],
            "delegation": [],
            "enforce_private_link_endpoint_network_policies": false,
            "enforce_private_link_service_network_policies": false,
            "id": "/subscriptions/2893229a-aac8-47a3-a415-71b6625a9ad3/resourceGroups/lab-A05-RG/providers/Microsoft.Network/virtualNetworks/lab-A05-VNet/subnets/lab-A05-Subnet",
            "name": "lab-A05-Subnet",
            "resource_group_name": "lab-A05-RG",
            "service_endpoint_policy_ids": null,
            "service_endpoints": null,
            "timeouts": null,
            "virtual_network_name": "lab-A05-VNet"
          },
          "sensitive_attributes": [],
          "private": "eyJlMmJmYjczMC1lY2FhLTExZTYtOGY4OC0zNDM2M2JjN2M0YzAiOnsiY3JlYXRlIjoxODAwMDAwMDAwMDAwLCJkZWxldGUiOjE4MDAwMDAwMDAwMDAsInJlYWQiOjMwMDAwMDAwMDAwMCwidXBkYXRlIjoxODAwMDAwMDAwMDAwfX0=",
          "dependencies": [
            "azurerm_resource_group.rg",
            "azurerm_virtual_network.vnet"
          ]
        }
      ]
    },
    {
      "mode": "managed",
      "type": "azurerm_virtual_network",
      "name": "vnet",
      "provider": "provider[\"registry.terraform.io/hashicorp/azurerm\"]",
      "instances": [
        {
          "schema_version": 0,
          "attributes": {
            "address_space": [
              "10.0.0.0/16"
            ],
            "bgp_community": "",
            "ddos_protection_plan": [],
            "dns_servers": [],
            "edge_zone": "",
            "flow_timeout_in_minutes": 0,
            "guid": "30edf777-9b02-4f3b-aecf-ab2c9c5bf8e4",
            "id": "/subscriptions/2893229a-aac8-47a3-a415-71b6625a9ad3/resourceGroups/lab-A05-RG/providers/Microsoft.Network/virtualNetworks/lab-A05-VNet",
            "location": "eastus",
            "name": "lab-A05-VNet",
            "resource_group_name": "lab-A05-RG",
            "subnet": [],
            "tags": null,
            "timeouts": null
          },
          "sensitive_attributes": [],
          "private": "eyJlMmJmYjczMC1lY2FhLTExZTYtOGY4OC0zNDM2M2JjN2M0YzAiOnsiY3JlYXRlIjoxODAwMDAwMDAwMDAwLCJkZWxldGUiOjE4MDAwMDAwMDAwMDAsInJlYWQiOjMwMDAwMDAwMDAwMCwidXBkYXRlIjoxODAwMDAwMDAwMDAwfX0=",
          "dependencies": [
            "azurerm_resource_group.rg"
          ]
        }
      ]
    }
  ],
  "check_results": null
}
